
Microsoft Visual Studio Solution File, Format Version 12.00
Project("{2150E333-8FDC-42A3-9474-1A3956D46DE8}") = "User", "User", "{01CC549D-FD37-4D2F-A48E-5C5644AE337A}"
EndProject
Project("{FAE04EC0-301F-11D3-BF4B-00C04F79EFBC}") = "Escort.User.Domain", "Escort.User.Domain\Escort.User.Domain.csproj", "{9B516829-4DCC-4A4F-AC8A-C3BAAD6341F3}"
EndProject
Project("{2150E333-8FDC-42A3-9474-1A3956D46DE8}") = "Client", "Client", "{A6260133-BACB-4E94-8B1E-10867EB2978C}"
EndProject
Project("{2150E333-8FDC-42A3-9474-1A3956D46DE8}") = "Driver", "Driver", "{2AEFEAFF-5351-4AA4-AC9F-B2B36626BBB3}"
EndProject
Project("{2150E333-8FDC-42A3-9474-1A3956D46DE8}") = "Event", "Event", "{10903A25-4264-4380-BC37-92EB471E2DD9}"
EndProject
Project("{FAE04EC0-301F-11D3-BF4B-00C04F79EFBC}") = "Escort.Event.Domain", "Escort.Event.Domain\Escort.Event.Domain.csproj", "{D5B06D19-D62A-4399-958C-A6A269C82AAA}"
EndProject
Project("{FAE04EC0-301F-11D3-BF4B-00C04F79EFBC}") = "Escort.Driver.Domain", "Escort.Driver.Domain\Escort.Driver.Domain.csproj", "{F5390635-5704-4E70-9C9B-38293222FE7F}"
EndProject
Project("{FAE04EC0-301F-11D3-BF4B-00C04F79EFBC}") = "Escort.Client.Domain", "Escort.Client.Domain\Escort.Client.Domain.csproj", "{555171F4-13A7-490A-A8A5-5828D99AE808}"
EndProject
Project("{2150E333-8FDC-42A3-9474-1A3956D46DE8}") = "Listing", "Listing", "{FBF4AD17-BF1A-4D7E-834C-B298C3F35FDC}"
EndProject
Project("{FAE04EC0-301F-11D3-BF4B-00C04F79EFBC}") = "Escort.Listing.Domain", "Escort.Listing.Domain\Escort.Listing.Domain.csproj", "{9715B343-B664-4DCF-9518-F29CA51C916B}"
EndProject
Project("{FAE04EC0-301F-11D3-BF4B-00C04F79EFBC}") = "Escort.User.Application", "Escort.User.Application\Escort.User.Application.csproj", "{2B64FEDB-AE66-4453-A51D-66E830D10299}"
EndProject
Project("{FAE04EC0-301F-11D3-BF4B-00C04F79EFBC}") = "Escort.Event.Application", "Escort.Event.Application\Escort.Event.Application.csproj", "{E0860D55-0D9A-4C98-9F4D-69579059BB73}"
EndProject
Project("{FAE04EC0-301F-11D3-BF4B-00C04F79EFBC}") = "Escort.Client.Application", "Escort.Client.Application\Escort.Client.Application.csproj", "{F9579C73-259D-4076-A61C-B2DEC9703BFC}"
EndProject
Project("{FAE04EC0-301F-11D3-BF4B-00C04F79EFBC}") = "Escort.Driver.Application", "Escort.Driver.Application\Escort.Driver.Application.csproj", "{0952969E-8A2D-4ED2-84CF-FE49B6AC9813}"
EndProject
Project("{FAE04EC0-301F-11D3-BF4B-00C04F79EFBC}") = "Escort.Listing.Application", "Escort.Listing.Application\Escort.Listing.Application.csproj", "{EA2BD307-E34D-46DB-9341-1047F9800882}"
EndProject
Project("{FAE04EC0-301F-11D3-BF4B-00C04F79EFBC}") = "Escort.User.Infrastructure", "Escort.User.Infrastructure\Escort.User.Infrastructure.csproj", "{83B808FD-4927-4972-B74E-4AA59AA792D0}"
EndProject
Project("{FAE04EC0-301F-11D3-BF4B-00C04F79EFBC}") = "Escort.Listing.Infrastructure", "Escort.Listing.Infrastructure\Escort.Listing.Infrastructure.csproj", "{8E09134C-7FC1-443F-9AE9-A0F5677EC66D}"
EndProject
Project("{FAE04EC0-301F-11D3-BF4B-00C04F79EFBC}") = "Escort.Event.Infrastructure", "Escort.Event.Infrastructure\Escort.Event.Infrastructure.csproj", "{9F1BA37D-A632-4A89-A9F2-E2FF597EFE3A}"
EndProject
Project("{FAE04EC0-301F-11D3-BF4B-00C04F79EFBC}") = "Escort.Driver.Infrastructure", "Escort.Driver.Infrastructure\Escort.Driver.Infrastructure.csproj", "{D428D80F-C48F-44A9-8843-390C2D54B070}"
EndProject
Project("{FAE04EC0-301F-11D3-BF4B-00C04F79EFBC}") = "Escort.Client.Infrastructure", "Escort.Client.Infrastructure\Escort.Client.Infrastructure.csproj", "{1B3B085C-23F8-4077-921C-0C40EF299DB4}"
EndProject
Project("{FAE04EC0-301F-11D3-BF4B-00C04F79EFBC}") = "Escort.User.API", "Escort.User.API\Escort.User.API.csproj", "{85E58918-D3C3-4B93-86DD-6ABF098C38E7}"
EndProject
Project("{FAE04EC0-301F-11D3-BF4B-00C04F79EFBC}") = "Escort.Listing.API", "Escort.Listing.API\Escort.Listing.API.csproj", "{748034BB-8ED6-4498-B6B1-C46FBA1E865D}"
EndProject
Project("{FAE04EC0-301F-11D3-BF4B-00C04F79EFBC}") = "Escort.Event.API", "Escort.Event.API\Escort.Event.API.csproj", "{2E5E8F9C-F62D-4D8E-97DA-26B7EB218E97}"
EndProject
Project("{FAE04EC0-301F-11D3-BF4B-00C04F79EFBC}") = "Escort.Driver.API", "Escort.Driver.API\Escort.Driver.API.csproj", "{3092D6DE-26E3-49EA-9CA6-697A94D13797}"
EndProject
Project("{FAE04EC0-301F-11D3-BF4B-00C04F79EFBC}") = "Escort.Client.API", "Escort.Client.API\Escort.Client.API.csproj", "{24FBA6CC-019D-4241-A74B-2E58BBF8037B}"
EndProject
Project("{FAE04EC0-301F-11D3-BF4B-00C04F79EFBC}") = "Escort.User.Test", "Escort.User.Test\Escort.User.Test.csproj", "{CBEFA5DB-6332-488D-A314-2D1275C4852D}"
EndProject
Global
	GlobalSection(SolutionConfigurationPlatforms) = preSolution
		Debug|Any CPU = Debug|Any CPU
		Release|Any CPU = Release|Any CPU
	EndGlobalSection
	GlobalSection(NestedProjects) = preSolution
		{9B516829-4DCC-4A4F-AC8A-C3BAAD6341F3} = {01CC549D-FD37-4D2F-A48E-5C5644AE337A}
		{D5B06D19-D62A-4399-958C-A6A269C82AAA} = {10903A25-4264-4380-BC37-92EB471E2DD9}
		{F5390635-5704-4E70-9C9B-38293222FE7F} = {2AEFEAFF-5351-4AA4-AC9F-B2B36626BBB3}
		{555171F4-13A7-490A-A8A5-5828D99AE808} = {A6260133-BACB-4E94-8B1E-10867EB2978C}
		{9715B343-B664-4DCF-9518-F29CA51C916B} = {FBF4AD17-BF1A-4D7E-834C-B298C3F35FDC}
		{2B64FEDB-AE66-4453-A51D-66E830D10299} = {01CC549D-FD37-4D2F-A48E-5C5644AE337A}
		{E0860D55-0D9A-4C98-9F4D-69579059BB73} = {10903A25-4264-4380-BC37-92EB471E2DD9}
		{F9579C73-259D-4076-A61C-B2DEC9703BFC} = {A6260133-BACB-4E94-8B1E-10867EB2978C}
		{0952969E-8A2D-4ED2-84CF-FE49B6AC9813} = {2AEFEAFF-5351-4AA4-AC9F-B2B36626BBB3}
		{EA2BD307-E34D-46DB-9341-1047F9800882} = {FBF4AD17-BF1A-4D7E-834C-B298C3F35FDC}
		{83B808FD-4927-4972-B74E-4AA59AA792D0} = {01CC549D-FD37-4D2F-A48E-5C5644AE337A}
		{8E09134C-7FC1-443F-9AE9-A0F5677EC66D} = {FBF4AD17-BF1A-4D7E-834C-B298C3F35FDC}
		{9F1BA37D-A632-4A89-A9F2-E2FF597EFE3A} = {10903A25-4264-4380-BC37-92EB471E2DD9}
		{D428D80F-C48F-44A9-8843-390C2D54B070} = {2AEFEAFF-5351-4AA4-AC9F-B2B36626BBB3}
		{1B3B085C-23F8-4077-921C-0C40EF299DB4} = {A6260133-BACB-4E94-8B1E-10867EB2978C}
		{85E58918-D3C3-4B93-86DD-6ABF098C38E7} = {01CC549D-FD37-4D2F-A48E-5C5644AE337A}
		{748034BB-8ED6-4498-B6B1-C46FBA1E865D} = {FBF4AD17-BF1A-4D7E-834C-B298C3F35FDC}
		{2E5E8F9C-F62D-4D8E-97DA-26B7EB218E97} = {10903A25-4264-4380-BC37-92EB471E2DD9}
		{3092D6DE-26E3-49EA-9CA6-697A94D13797} = {2AEFEAFF-5351-4AA4-AC9F-B2B36626BBB3}
		{24FBA6CC-019D-4241-A74B-2E58BBF8037B} = {A6260133-BACB-4E94-8B1E-10867EB2978C}
		{CBEFA5DB-6332-488D-A314-2D1275C4852D} = {01CC549D-FD37-4D2F-A48E-5C5644AE337A}
	EndGlobalSection
	GlobalSection(ProjectConfigurationPlatforms) = postSolution
		{9B516829-4DCC-4A4F-AC8A-C3BAAD6341F3}.Debug|Any CPU.ActiveCfg = Debug|Any CPU
		{9B516829-4DCC-4A4F-AC8A-C3BAAD6341F3}.Debug|Any CPU.Build.0 = Debug|Any CPU
		{9B516829-4DCC-4A4F-AC8A-C3BAAD6341F3}.Release|Any CPU.ActiveCfg = Release|Any CPU
		{9B516829-4DCC-4A4F-AC8A-C3BAAD6341F3}.Release|Any CPU.Build.0 = Release|Any CPU
		{D5B06D19-D62A-4399-958C-A6A269C82AAA}.Debug|Any CPU.ActiveCfg = Debug|Any CPU
		{D5B06D19-D62A-4399-958C-A6A269C82AAA}.Debug|Any CPU.Build.0 = Debug|Any CPU
		{D5B06D19-D62A-4399-958C-A6A269C82AAA}.Release|Any CPU.ActiveCfg = Release|Any CPU
		{D5B06D19-D62A-4399-958C-A6A269C82AAA}.Release|Any CPU.Build.0 = Release|Any CPU
		{F5390635-5704-4E70-9C9B-38293222FE7F}.Debug|Any CPU.ActiveCfg = Debug|Any CPU
		{F5390635-5704-4E70-9C9B-38293222FE7F}.Debug|Any CPU.Build.0 = Debug|Any CPU
		{F5390635-5704-4E70-9C9B-38293222FE7F}.Release|Any CPU.ActiveCfg = Release|Any CPU
		{F5390635-5704-4E70-9C9B-38293222FE7F}.Release|Any CPU.Build.0 = Release|Any CPU
		{555171F4-13A7-490A-A8A5-5828D99AE808}.Debug|Any CPU.ActiveCfg = Debug|Any CPU
		{555171F4-13A7-490A-A8A5-5828D99AE808}.Debug|Any CPU.Build.0 = Debug|Any CPU
		{555171F4-13A7-490A-A8A5-5828D99AE808}.Release|Any CPU.ActiveCfg = Release|Any CPU
		{555171F4-13A7-490A-A8A5-5828D99AE808}.Release|Any CPU.Build.0 = Release|Any CPU
		{9715B343-B664-4DCF-9518-F29CA51C916B}.Debug|Any CPU.ActiveCfg = Debug|Any CPU
		{9715B343-B664-4DCF-9518-F29CA51C916B}.Debug|Any CPU.Build.0 = Debug|Any CPU
		{9715B343-B664-4DCF-9518-F29CA51C916B}.Release|Any CPU.ActiveCfg = Release|Any CPU
		{9715B343-B664-4DCF-9518-F29CA51C916B}.Release|Any CPU.Build.0 = Release|Any CPU
		{2B64FEDB-AE66-4453-A51D-66E830D10299}.Debug|Any CPU.ActiveCfg = Debug|Any CPU
		{2B64FEDB-AE66-4453-A51D-66E830D10299}.Debug|Any CPU.Build.0 = Debug|Any CPU
		{2B64FEDB-AE66-4453-A51D-66E830D10299}.Release|Any CPU.ActiveCfg = Release|Any CPU
		{2B64FEDB-AE66-4453-A51D-66E830D10299}.Release|Any CPU.Build.0 = Release|Any CPU
		{E0860D55-0D9A-4C98-9F4D-69579059BB73}.Debug|Any CPU.ActiveCfg = Debug|Any CPU
		{E0860D55-0D9A-4C98-9F4D-69579059BB73}.Debug|Any CPU.Build.0 = Debug|Any CPU
		{E0860D55-0D9A-4C98-9F4D-69579059BB73}.Release|Any CPU.ActiveCfg = Release|Any CPU
		{E0860D55-0D9A-4C98-9F4D-69579059BB73}.Release|Any CPU.Build.0 = Release|Any CPU
		{F9579C73-259D-4076-A61C-B2DEC9703BFC}.Debug|Any CPU.ActiveCfg = Debug|Any CPU
		{F9579C73-259D-4076-A61C-B2DEC9703BFC}.Debug|Any CPU.Build.0 = Debug|Any CPU
		{F9579C73-259D-4076-A61C-B2DEC9703BFC}.Release|Any CPU.ActiveCfg = Release|Any CPU
		{F9579C73-259D-4076-A61C-B2DEC9703BFC}.Release|Any CPU.Build.0 = Release|Any CPU
		{0952969E-8A2D-4ED2-84CF-FE49B6AC9813}.Debug|Any CPU.ActiveCfg = Debug|Any CPU
		{0952969E-8A2D-4ED2-84CF-FE49B6AC9813}.Debug|Any CPU.Build.0 = Debug|Any CPU
		{0952969E-8A2D-4ED2-84CF-FE49B6AC9813}.Release|Any CPU.ActiveCfg = Release|Any CPU
		{0952969E-8A2D-4ED2-84CF-FE49B6AC9813}.Release|Any CPU.Build.0 = Release|Any CPU
		{EA2BD307-E34D-46DB-9341-1047F9800882}.Debug|Any CPU.ActiveCfg = Debug|Any CPU
		{EA2BD307-E34D-46DB-9341-1047F9800882}.Debug|Any CPU.Build.0 = Debug|Any CPU
		{EA2BD307-E34D-46DB-9341-1047F9800882}.Release|Any CPU.ActiveCfg = Release|Any CPU
		{EA2BD307-E34D-46DB-9341-1047F9800882}.Release|Any CPU.Build.0 = Release|Any CPU
		{83B808FD-4927-4972-B74E-4AA59AA792D0}.Debug|Any CPU.ActiveCfg = Debug|Any CPU
		{83B808FD-4927-4972-B74E-4AA59AA792D0}.Debug|Any CPU.Build.0 = Debug|Any CPU
		{83B808FD-4927-4972-B74E-4AA59AA792D0}.Release|Any CPU.ActiveCfg = Release|Any CPU
		{83B808FD-4927-4972-B74E-4AA59AA792D0}.Release|Any CPU.Build.0 = Release|Any CPU
		{8E09134C-7FC1-443F-9AE9-A0F5677EC66D}.Debug|Any CPU.ActiveCfg = Debug|Any CPU
		{8E09134C-7FC1-443F-9AE9-A0F5677EC66D}.Debug|Any CPU.Build.0 = Debug|Any CPU
		{8E09134C-7FC1-443F-9AE9-A0F5677EC66D}.Release|Any CPU.ActiveCfg = Release|Any CPU
		{8E09134C-7FC1-443F-9AE9-A0F5677EC66D}.Release|Any CPU.Build.0 = Release|Any CPU
		{9F1BA37D-A632-4A89-A9F2-E2FF597EFE3A}.Debug|Any CPU.ActiveCfg = Debug|Any CPU
		{9F1BA37D-A632-4A89-A9F2-E2FF597EFE3A}.Debug|Any CPU.Build.0 = Debug|Any CPU
		{9F1BA37D-A632-4A89-A9F2-E2FF597EFE3A}.Release|Any CPU.ActiveCfg = Release|Any CPU
		{9F1BA37D-A632-4A89-A9F2-E2FF597EFE3A}.Release|Any CPU.Build.0 = Release|Any CPU
		{D428D80F-C48F-44A9-8843-390C2D54B070}.Debug|Any CPU.ActiveCfg = Debug|Any CPU
		{D428D80F-C48F-44A9-8843-390C2D54B070}.Debug|Any CPU.Build.0 = Debug|Any CPU
		{D428D80F-C48F-44A9-8843-390C2D54B070}.Release|Any CPU.ActiveCfg = Release|Any CPU
		{D428D80F-C48F-44A9-8843-390C2D54B070}.Release|Any CPU.Build.0 = Release|Any CPU
		{1B3B085C-23F8-4077-921C-0C40EF299DB4}.Debug|Any CPU.ActiveCfg = Debug|Any CPU
		{1B3B085C-23F8-4077-921C-0C40EF299DB4}.Debug|Any CPU.Build.0 = Debug|Any CPU
		{1B3B085C-23F8-4077-921C-0C40EF299DB4}.Release|Any CPU.ActiveCfg = Release|Any CPU
		{1B3B085C-23F8-4077-921C-0C40EF299DB4}.Release|Any CPU.Build.0 = Release|Any CPU
		{85E58918-D3C3-4B93-86DD-6ABF098C38E7}.Debug|Any CPU.ActiveCfg = Debug|Any CPU
		{85E58918-D3C3-4B93-86DD-6ABF098C38E7}.Debug|Any CPU.Build.0 = Debug|Any CPU
		{85E58918-D3C3-4B93-86DD-6ABF098C38E7}.Release|Any CPU.ActiveCfg = Release|Any CPU
		{85E58918-D3C3-4B93-86DD-6ABF098C38E7}.Release|Any CPU.Build.0 = Release|Any CPU
		{748034BB-8ED6-4498-B6B1-C46FBA1E865D}.Debug|Any CPU.ActiveCfg = Debug|Any CPU
		{748034BB-8ED6-4498-B6B1-C46FBA1E865D}.Debug|Any CPU.Build.0 = Debug|Any CPU
		{748034BB-8ED6-4498-B6B1-C46FBA1E865D}.Release|Any CPU.ActiveCfg = Release|Any CPU
		{748034BB-8ED6-4498-B6B1-C46FBA1E865D}.Release|Any CPU.Build.0 = Release|Any CPU
		{2E5E8F9C-F62D-4D8E-97DA-26B7EB218E97}.Debug|Any CPU.ActiveCfg = Debug|Any CPU
		{2E5E8F9C-F62D-4D8E-97DA-26B7EB218E97}.Debug|Any CPU.Build.0 = Debug|Any CPU
		{2E5E8F9C-F62D-4D8E-97DA-26B7EB218E97}.Release|Any CPU.ActiveCfg = Release|Any CPU
		{2E5E8F9C-F62D-4D8E-97DA-26B7EB218E97}.Release|Any CPU.Build.0 = Release|Any CPU
		{3092D6DE-26E3-49EA-9CA6-697A94D13797}.Debug|Any CPU.ActiveCfg = Debug|Any CPU
		{3092D6DE-26E3-49EA-9CA6-697A94D13797}.Debug|Any CPU.Build.0 = Debug|Any CPU
		{3092D6DE-26E3-49EA-9CA6-697A94D13797}.Release|Any CPU.ActiveCfg = Release|Any CPU
		{3092D6DE-26E3-49EA-9CA6-697A94D13797}.Release|Any CPU.Build.0 = Release|Any CPU
		{24FBA6CC-019D-4241-A74B-2E58BBF8037B}.Debug|Any CPU.ActiveCfg = Debug|Any CPU
		{24FBA6CC-019D-4241-A74B-2E58BBF8037B}.Debug|Any CPU.Build.0 = Debug|Any CPU
		{24FBA6CC-019D-4241-A74B-2E58BBF8037B}.Release|Any CPU.ActiveCfg = Release|Any CPU
		{24FBA6CC-019D-4241-A74B-2E58BBF8037B}.Release|Any CPU.Build.0 = Release|Any CPU
		{CBEFA5DB-6332-488D-A314-2D1275C4852D}.Debug|Any CPU.ActiveCfg = Debug|Any CPU
		{CBEFA5DB-6332-488D-A314-2D1275C4852D}.Debug|Any CPU.Build.0 = Debug|Any CPU
		{CBEFA5DB-6332-488D-A314-2D1275C4852D}.Release|Any CPU.ActiveCfg = Release|Any CPU
		{CBEFA5DB-6332-488D-A314-2D1275C4852D}.Release|Any CPU.Build.0 = Release|Any CPU
	EndGlobalSection
EndGlobal
