
Microsoft Visual Studio Solution File, Format Version 12.00
Project("{2150E333-8FDC-42A3-9474-1A3956D46DE8}") = "User", "User", "{01CC549D-FD37-4D2F-A48E-5C5644AE337A}"
EndProject
Project("{FAE04EC0-301F-11D3-BF4B-00C04F79EFBC}") = "Escort.User.Domain", "Escort.User.Domain\Escort.User.Domain.csproj", "{9B516829-4DCC-4A4F-AC8A-C3BAAD6341F3}"
EndProject
Project("{2150E333-8FDC-42A3-9474-1A3956D46DE8}") = "Client", "Client", "{A6260133-BACB-4E94-8B1E-10867EB2978C}"
EndProject
Project("{2150E333-8FDC-42A3-9474-1A3956D46DE8}") = "Driver", "Driver", "{2AEFEAFF-5351-4AA4-AC9F-B2B36626BBB3}"
EndProject
Project("{2150E333-8FDC-42A3-9474-1A3956D46DE8}") = "Event", "Event", "{10903A25-4264-4380-BC37-92EB471E2DD9}"
EndProject
Project("{FAE04EC0-301F-11D3-BF4B-00C04F79EFBC}") = "Escort.Event.Domain", "Escort.Event.Domain\Escort.Event.Domain.csproj", "{D5B06D19-D62A-4399-958C-A6A269C82AAA}"
EndProject
Global
	GlobalSection(SolutionConfigurationPlatforms) = preSolution
		Debug|Any CPU = Debug|Any CPU
		Release|Any CPU = Release|Any CPU
	EndGlobalSection
	GlobalSection(NestedProjects) = preSolution
		{9B516829-4DCC-4A4F-AC8A-C3BAAD6341F3} = {01CC549D-FD37-4D2F-A48E-5C5644AE337A}
		{D5B06D19-D62A-4399-958C-A6A269C82AAA} = {10903A25-4264-4380-BC37-92EB471E2DD9}
	EndGlobalSection
	GlobalSection(ProjectConfigurationPlatforms) = postSolution
		{9B516829-4DCC-4A4F-AC8A-C3BAAD6341F3}.Debug|Any CPU.ActiveCfg = Debug|Any CPU
		{9B516829-4DCC-4A4F-AC8A-C3BAAD6341F3}.Debug|Any CPU.Build.0 = Debug|Any CPU
		{9B516829-4DCC-4A4F-AC8A-C3BAAD6341F3}.Release|Any CPU.ActiveCfg = Release|Any CPU
		{9B516829-4DCC-4A4F-AC8A-C3BAAD6341F3}.Release|Any CPU.Build.0 = Release|Any CPU
		{D5B06D19-D62A-4399-958C-A6A269C82AAA}.Debug|Any CPU.ActiveCfg = Debug|Any CPU
		{D5B06D19-D62A-4399-958C-A6A269C82AAA}.Debug|Any CPU.Build.0 = Debug|Any CPU
		{D5B06D19-D62A-4399-958C-A6A269C82AAA}.Release|Any CPU.ActiveCfg = Release|Any CPU
		{D5B06D19-D62A-4399-958C-A6A269C82AAA}.Release|Any CPU.Build.0 = Release|Any CPU
	EndGlobalSection
EndGlobal
